
Microsoft Visual Studio Solution File, Format Version 12.00
# Visual Studio Version 17
VisualStudioVersion = 17.9.34728.123
MinimumVisualStudioVersion = 10.0.40219.1
Project("{9A19103F-16F7-4668-BE54-9A1E7A4F7556}") = "AlunoTurma.API", "AlunoTurma\AlunoTurma.API.csproj", "{4F0615E1-ED49-4EB3-9042-D3932A38603A}"
EndProject
Project("{FAE04EC0-301F-11D3-BF4B-00C04F79EFBC}") = "AlunoTurma.Domain", "AlunoTurma.Domain\AlunoTurma.Domain.csproj", "{F462DA16-22F8-4F66-8AB9-A23A08CCB13D}"
EndProject
Project("{FAE04EC0-301F-11D3-BF4B-00C04F79EFBC}") = "AlunoTurma.Application", "AlunoTurma.Applicatiion\AlunoTurma.Application.csproj", "{43D87BE9-3CC2-41EA-AC73-35E3FD4C79E4}"
EndProject
Project("{FAE04EC0-301F-11D3-BF4B-00C04F79EFBC}") = "AlunoTurma.Infrastructure", "AlunoTurma.infrastructure\AlunoTurma.Infrastructure.csproj", "{68A3399D-080C-4E51-8FC9-C71C025E422E}"
EndProject
Global
	GlobalSection(SolutionConfigurationPlatforms) = preSolution
		Debug|Any CPU = Debug|Any CPU
		Release|Any CPU = Release|Any CPU
	EndGlobalSection
	GlobalSection(ProjectConfigurationPlatforms) = postSolution
		{4F0615E1-ED49-4EB3-9042-D3932A38603A}.Debug|Any CPU.ActiveCfg = Debug|Any CPU
		{4F0615E1-ED49-4EB3-9042-D3932A38603A}.Debug|Any CPU.Build.0 = Debug|Any CPU
		{4F0615E1-ED49-4EB3-9042-D3932A38603A}.Release|Any CPU.ActiveCfg = Release|Any CPU
		{4F0615E1-ED49-4EB3-9042-D3932A38603A}.Release|Any CPU.Build.0 = Release|Any CPU
		{F462DA16-22F8-4F66-8AB9-A23A08CCB13D}.Debug|Any CPU.ActiveCfg = Debug|Any CPU
		{F462DA16-22F8-4F66-8AB9-A23A08CCB13D}.Debug|Any CPU.Build.0 = Debug|Any CPU
		{F462DA16-22F8-4F66-8AB9-A23A08CCB13D}.Release|Any CPU.ActiveCfg = Release|Any CPU
		{F462DA16-22F8-4F66-8AB9-A23A08CCB13D}.Release|Any CPU.Build.0 = Release|Any CPU
		{43D87BE9-3CC2-41EA-AC73-35E3FD4C79E4}.Debug|Any CPU.ActiveCfg = Debug|Any CPU
		{43D87BE9-3CC2-41EA-AC73-35E3FD4C79E4}.Debug|Any CPU.Build.0 = Debug|Any CPU
		{43D87BE9-3CC2-41EA-AC73-35E3FD4C79E4}.Release|Any CPU.ActiveCfg = Release|Any CPU
		{43D87BE9-3CC2-41EA-AC73-35E3FD4C79E4}.Release|Any CPU.Build.0 = Release|Any CPU
		{68A3399D-080C-4E51-8FC9-C71C025E422E}.Debug|Any CPU.ActiveCfg = Debug|Any CPU
		{68A3399D-080C-4E51-8FC9-C71C025E422E}.Debug|Any CPU.Build.0 = Debug|Any CPU
		{68A3399D-080C-4E51-8FC9-C71C025E422E}.Release|Any CPU.ActiveCfg = Release|Any CPU
		{68A3399D-080C-4E51-8FC9-C71C025E422E}.Release|Any CPU.Build.0 = Release|Any CPU
	EndGlobalSection
	GlobalSection(SolutionProperties) = preSolution
		HideSolutionNode = FALSE
	EndGlobalSection
	GlobalSection(ExtensibilityGlobals) = postSolution
		SolutionGuid = {7623DD37-14D4-436D-B10D-E74C83E1B056}
	EndGlobalSection
EndGlobal
